
Microsoft Visual Studio Solution File, Format Version 12.00
# Visual Studio 2015
Project("{FAE04EC0-301F-11D3-BF4B-00C04F79EFBC}") = "AStar Record", "AStar Record.csproj", "{EFCB12A5-5CAE-D0F8-9E61-4CC68D634CAD}"
EndProject
Global
	GlobalSection(SolutionConfigurationPlatforms) = preSolution
		Debug|Any CPU = Debug|Any CPU
		Release|Any CPU = Release|Any CPU
	EndGlobalSection
	GlobalSection(ProjectConfigurationPlatforms) = postSolution
		{EFCB12A5-5CAE-D0F8-9E61-4CC68D634CAD}.Debug|Any CPU.ActiveCfg = Debug|Any CPU
		{EFCB12A5-5CAE-D0F8-9E61-4CC68D634CAD}.Debug|Any CPU.Build.0 = Debug|Any CPU
		{EFCB12A5-5CAE-D0F8-9E61-4CC68D634CAD}.Release|Any CPU.ActiveCfg = Release|Any CPU
		{EFCB12A5-5CAE-D0F8-9E61-4CC68D634CAD}.Release|Any CPU.Build.0 = Release|Any CPU
	EndGlobalSection
	GlobalSection(SolutionProperties) = preSolution
		HideSolutionNode = FALSE
	EndGlobalSection
EndGlobal
